
Microsoft Visual Studio Solution File, Format Version 12.00
# Visual Studio 2012
Project("{FAE04EC0-301F-11D3-BF4B-00C04F79EFBC}") = "NullObjectPattern", "NullObjectPattern.csproj", "{4A6A2843-7D94-4B4C-99AF-EE08FB64E00F}"
EndProject
Global
	GlobalSection(SolutionConfigurationPlatforms) = preSolution
		Debug|Any CPU = Debug|Any CPU
		Release|Any CPU = Release|Any CPU
	EndGlobalSection
	GlobalSection(ProjectConfigurationPlatforms) = postSolution
		{4A6A2843-7D94-4B4C-99AF-EE08FB64E00F}.Debug|Any CPU.ActiveCfg = Debug|Any CPU
		{4A6A2843-7D94-4B4C-99AF-EE08FB64E00F}.Debug|Any CPU.Build.0 = Debug|Any CPU
		{4A6A2843-7D94-4B4C-99AF-EE08FB64E00F}.Release|Any CPU.ActiveCfg = Release|Any CPU
		{4A6A2843-7D94-4B4C-99AF-EE08FB64E00F}.Release|Any CPU.Build.0 = Release|Any CPU
	EndGlobalSection
	GlobalSection(SolutionProperties) = preSolution
		HideSolutionNode = FALSE
	EndGlobalSection
EndGlobal
